{"version":4,"terraform_version":"1.10.6","serial":15,"lineage":"44fd2314-23f9-cdea-b303-9a578eb5962b","outputs":{"vms":{"value":{"mariadb":{"ips":["192.168.200.91","No disponible","No disponible"],"nombre":"mariadb"},"nginx":{"ips":["192.168.200.175","No disponible","No disponible"],"nombre":"nginx"}},"type":["object",{"mariadb":["object",{"ips":["tuple",["string","string","string"]],"nombre":"string"}],"nginx":["object",{"ips":["tuple",["string","string","string"]],"nombre":"string"}]}]}},"resources":[{"module":"module.network[\"red-conf\"]","mode":"managed","type":"libvirt_network","name":"net","provider":"provider[\"registry.opentofu.org/dmacvicar/libvirt\"]","instances":[{"schema_version":0,"attributes":{"addresses":["192.168.201.0/24"],"autostart":true,"bridge":"br-conf","dhcp":[{"enabled":false}],"dns":[{"enabled":false,"forwarders":[],"hosts":[],"local_only":false,"srvs":[]}],"dnsmasq_options":[],"domain":null,"id":"4fa036f0-d740-4260-80df-af18e6a905ad","mode":"none","mtu":null,"name":"red-conf","routes":[],"xml":[]},"sensitive_attributes":[],"private":"bnVsbA=="}]},{"module":"module.network[\"red-datos\"]","mode":"managed","type":"libvirt_network","name":"net","provider":"provider[\"registry.opentofu.org/dmacvicar/libvirt\"]","instances":[{"schema_version":0,"attributes":{"addresses":[],"autostart":true,"bridge":"br-dats","dhcp":[{"enabled":false}],"dns":[{"enabled":false,"forwarders":[],"hosts":[],"local_only":false,"srvs":[]}],"dnsmasq_options":[],"domain":null,"id":"c15f5124-9426-4151-b8cd-c8ab1d7aeef4","mode":"none","mtu":null,"name":"red-datos","routes":[],"xml":[]},"sensitive_attributes":[],"private":"bnVsbA=="}]},{"module":"module.network[\"red-externa\"]","mode":"managed","type":"libvirt_network","name":"net","provider":"provider[\"registry.opentofu.org/dmacvicar/libvirt\"]","instances":[{"schema_version":0,"attributes":{"addresses":["192.168.200.0/24"],"autostart":true,"bridge":"br-ex","dhcp":[{"enabled":true}],"dns":[{"enabled":true,"forwarders":[],"hosts":[],"local_only":false,"srvs":[]}],"dnsmasq_options":[],"domain":"example.com","id":"8baed53a-c975-4726-985e-9ab44eb67ed4","mode":"nat","mtu":null,"name":"red-externa","routes":[],"xml":[]},"sensitive_attributes":[],"private":"bnVsbA=="}]},{"module":"module.server[\"mariadb\"]","mode":"managed","type":"libvirt_cloudinit_disk","name":"cloudinit","provider":"provider[\"registry.opentofu.org/dmacvicar/libvirt\"]","instances":[{"index_key":0,"schema_version":0,"attributes":{"id":"/var/lib/libvirt/images/mariadb-cloudinit.iso;809ba72d-eb2f-4501-ad3b-829f9ad23627","meta_data":"","name":"mariadb-cloudinit.iso","network_config":"network:\n  version: 2\n  ethernets:\n    ens3:\n      dhcp4: true\n    ens4: \n      dhcp4: false\n      addresses: [\"192.168.201.2/24\"]\n    ens5: \n      dhcp4: false\n      addresses: [\"10.0.0.2/24\"]","pool":"default","user_data":"#cloud-config\n\"chpasswd\":\n  \"expire\": false\n  \"users\":\n  - \"name\": \"ubuntu\"\n    \"password\": \"asdasd\"\n    \"type\": \"text\"\n\"hostname\": \"mariadb\"\n\"keyboard\":\n  \"layout\": \"es\"\n  \"variant\": \"\"\n\"locale\": \"es_ES.UTF-8\"\n\"runcmd\":\n- \"for i in {1..15}; do ping -c1 8.8.8.8 \u0026\u0026 break || sleep 2; done\"\n- \"for i in {1..10}; do getent hosts deb.debian.org \u0026\u0026 break || sleep 2; done\"\n- \"DEBIAN_FRONTEND=noninteractive apt-get update -o Acquire::ForceIPv4=true || true\"\n- \"DEBIAN_FRONTEND=noninteractive apt-get install -y -o Dpkg::Options::=\\\"--force-confdef\\\"\n  -o Dpkg::Options::=\\\"--force-confold\\\" kbd || true\"\n- \"loadkeys es || true\"\n- \"command -v setupcon \u003e/dev/null 2\u003e\u00261 \u0026\u0026 setupcon || true\"\n- \"localectl set-locale LANG=es_ES.UTF-8 || true\"\n\"timezone\": \"Europe/Madrid\"\n\"users\":\n- \"groups\": \"users, admin\"\n  \"name\": \"ubuntu\"\n  \"shell\": \"/bin/bash\"\n  \"ssh-authorized-keys\":\n  - \"ssh-ed25519 AAAAC3NzaC1lZDI1NTE5AAAAIEdhliHmCZHSeVGmIzcDtcNtDwsO+Q6SQEPycQYHkF8Q\n    estibaliz.asir@hotmail.com\"\n  \"sudo\": \"ALL=(ALL) NOPASSWD:ALL\"\n\"write_files\":\n- \"content\": |\n    Acquire::ForceIPv4 \"true\";\n  \"path\": \"/etc/apt/apt.conf.d/99force-ipv4\"\n  \"permissions\": \"0644\"\n- \"content\": |\n    XKBMODEL=\"pc105\"\n    XKBLAYOUT=\"es\"\n    XKBVARIANT=\"\"\n    XKBOPTIONS=\"\"\n    BACKSPACE=\"guess\"\n  \"owner\": \"root:root\"\n  \"path\": \"/etc/default/keyboard\"\n  \"permissions\": \"0644\"\n"},"sensitive_attributes":[],"private":"bnVsbA=="}]},{"module":"module.server[\"mariadb\"]","mode":"managed","type":"libvirt_domain","name":"vm","provider":"provider[\"registry.opentofu.org/dmacvicar/libvirt\"]","instances":[{"schema_version":0,"attributes":{"arch":"x86_64","autostart":false,"boot_device":[],"cloudinit":"/var/lib/libvirt/images/mariadb-cloudinit.iso;809ba72d-eb2f-4501-ad3b-829f9ad23627","cmdline":null,"console":[],"coreos_ignition":null,"cpu":[{"mode":"custom"}],"description":"","disk":[{"block_device":"","file":"","scsi":false,"url":"","volume_id":"/var/lib/libvirt/images/mariadb-linked.qcow2","wwn":""}],"emulator":"/usr/bin/qemu-system-x86_64","filesystem":[],"firmware":null,"fw_cfg_name":"opt/com.coreos/config","graphics":[],"id":"053d963e-6aca-414f-b1b8-48545761d37d","initrd":"","kernel":"","machine":"pc","memory":1024,"metadata":null,"name":"mariadb","network_interface":[{"addresses":["192.168.200.91"],"bridge":"","hostname":"","mac":"52:54:00:6A:9F:FB","macvtap":"","network_id":"8baed53a-c975-4726-985e-9ab44eb67ed4","network_name":"red-externa","passthrough":"","vepa":"","wait_for_lease":true},{"addresses":[],"bridge":"","hostname":"","mac":"52:54:00:36:80:BF","macvtap":"","network_id":"4fa036f0-d740-4260-80df-af18e6a905ad","network_name":"red-conf","passthrough":"","vepa":"","wait_for_lease":false},{"addresses":[],"bridge":"","hostname":"","mac":"52:54:00:B6:FA:C9","macvtap":"","network_id":"c15f5124-9426-4151-b8cd-c8ab1d7aeef4","network_name":"red-datos","passthrough":"","vepa":"","wait_for_lease":false}],"nvram":[],"qemu_agent":false,"running":true,"timeouts":null,"tpm":[],"type":"kvm","vcpu":1,"video":[],"xml":[]},"sensitive_attributes":[],"private":"eyJlMmJmYjczMC1lY2FhLTExZTYtOGY4OC0zNDM2M2JjN2M0YzAiOnsiY3JlYXRlIjozMDAwMDAwMDAwMDB9fQ==","dependencies":["module.network.libvirt_network.net","module.server.libvirt_cloudinit_disk.cloudinit","module.server.libvirt_volume.disk_main","module.server.libvirt_volume.extra_disks"]}]},{"module":"module.server[\"mariadb\"]","mode":"managed","type":"libvirt_volume","name":"disk_main","provider":"provider[\"registry.opentofu.org/dmacvicar/libvirt\"]","instances":[{"schema_version":0,"attributes":{"base_volume_id":"/var/lib/libvirt/images/ubuntu2404-base.qcow2","base_volume_name":null,"base_volume_pool":null,"format":"qcow2","id":"/var/lib/libvirt/images/mariadb-linked.qcow2","name":"mariadb-linked.qcow2","pool":"default","size":10737418240,"source":null,"xml":[]},"sensitive_attributes":[],"private":"bnVsbA=="}]},{"module":"module.server[\"nginx\"]","mode":"managed","type":"libvirt_cloudinit_disk","name":"cloudinit","provider":"provider[\"registry.opentofu.org/dmacvicar/libvirt\"]","instances":[{"index_key":0,"schema_version":0,"attributes":{"id":"/var/lib/libvirt/images/nginx-cloudinit.iso;56596a14-6ba7-410d-8985-1a0534e40ef3","meta_data":"","name":"nginx-cloudinit.iso","network_config":"network:\n  version: 2\n  ethernets:\n    ens3:\n      dhcp4: true\n    ens4: \n      dhcp4: false\n      addresses: [\"192.168.201.3/24\"]\n    ens5: \n      dhcp4: false\n      addresses: [\"10.0.0.1/24\"]\n\n      \n","pool":"default","user_data":"#cloud-config\n\"chpasswd\":\n  \"expire\": false\n  \"users\":\n  - \"name\": \"debian\"\n    \"password\": \"asdasd\"\n    \"type\": \"text\"\n\"hostname\": \"nginx\"\n\"keyboard\":\n  \"layout\": \"es\"\n  \"variant\": \"\"\n\"locale\": \"es_ES.UTF-8\"\n\"runcmd\":\n- \"for i in {1..15}; do ping -c1 8.8.8.8 \u0026\u0026 break || sleep 2; done\"\n- \"for i in {1..10}; do getent hosts deb.debian.org \u0026\u0026 break || sleep 2; done\"\n- \"DEBIAN_FRONTEND=noninteractive apt-get update -o Acquire::ForceIPv4=true || true\"\n- \"DEBIAN_FRONTEND=noninteractive apt-get install -y -o Dpkg::Options::=\\\"--force-confdef\\\"\n  -o Dpkg::Options::=\\\"--force-confold\\\" kbd || true\"\n- \"loadkeys es || true\"\n- \"command -v setupcon \u003e/dev/null 2\u003e\u00261 \u0026\u0026 setupcon || true\"\n- \"localectl set-locale LANG=es_ES.UTF-8 || true\"\n\"timezone\": \"Europe/Madrid\"\n\"users\":\n- \"groups\": \"users, admin\"\n  \"name\": \"debian\"\n  \"shell\": \"/bin/bash\"\n  \"ssh-authorized-keys\":\n  - \"ssh-ed25519 AAAAC3NzaC1lZDI1NTE5AAAAIEdhliHmCZHSeVGmIzcDtcNtDwsO+Q6SQEPycQYHkF8Q\n    estibaliz.asir@hotmail.com\"\n  \"sudo\": \"ALL=(ALL) NOPASSWD:ALL\"\n\"write_files\":\n- \"content\": |\n    Acquire::ForceIPv4 \"true\";\n  \"path\": \"/etc/apt/apt.conf.d/99force-ipv4\"\n  \"permissions\": \"0644\"\n- \"content\": |\n    XKBMODEL=\"pc105\"\n    XKBLAYOUT=\"es\"\n    XKBVARIANT=\"\"\n    XKBOPTIONS=\"\"\n    BACKSPACE=\"guess\"\n  \"owner\": \"root:root\"\n  \"path\": \"/etc/default/keyboard\"\n  \"permissions\": \"0644\"\n"},"sensitive_attributes":[],"private":"bnVsbA=="}]},{"module":"module.server[\"nginx\"]","mode":"managed","type":"libvirt_domain","name":"vm","provider":"provider[\"registry.opentofu.org/dmacvicar/libvirt\"]","instances":[{"schema_version":0,"attributes":{"arch":"x86_64","autostart":false,"boot_device":[],"cloudinit":"/var/lib/libvirt/images/nginx-cloudinit.iso;56596a14-6ba7-410d-8985-1a0534e40ef3","cmdline":null,"console":[],"coreos_ignition":null,"cpu":[{"mode":"custom"}],"description":"","disk":[{"block_device":"","file":"","scsi":false,"url":"","volume_id":"/var/lib/libvirt/images/nginx-linked.qcow2","wwn":""}],"emulator":"/usr/bin/qemu-system-x86_64","filesystem":[],"firmware":null,"fw_cfg_name":"opt/com.coreos/config","graphics":[],"id":"43487e9c-d71c-4d0c-ac79-ed2e7e8d3fac","initrd":"","kernel":"","machine":"pc","memory":1024,"metadata":null,"name":"nginx","network_interface":[{"addresses":["192.168.200.175"],"bridge":"","hostname":"","mac":"52:54:00:96:B0:FF","macvtap":"","network_id":"8baed53a-c975-4726-985e-9ab44eb67ed4","network_name":"red-externa","passthrough":"","vepa":"","wait_for_lease":true},{"addresses":[],"bridge":"","hostname":"","mac":"52:54:00:A6:E7:19","macvtap":"","network_id":"4fa036f0-d740-4260-80df-af18e6a905ad","network_name":"red-conf","passthrough":"","vepa":"","wait_for_lease":false},{"addresses":[],"bridge":"","hostname":"","mac":"52:54:00:6A:2D:D6","macvtap":"","network_id":"c15f5124-9426-4151-b8cd-c8ab1d7aeef4","network_name":"red-datos","passthrough":"","vepa":"","wait_for_lease":false}],"nvram":[],"qemu_agent":false,"running":true,"timeouts":null,"tpm":[],"type":"kvm","vcpu":1,"video":[],"xml":[]},"sensitive_attributes":[],"private":"eyJlMmJmYjczMC1lY2FhLTExZTYtOGY4OC0zNDM2M2JjN2M0YzAiOnsiY3JlYXRlIjozMDAwMDAwMDAwMDB9fQ==","dependencies":["module.network.libvirt_network.net","module.server.libvirt_cloudinit_disk.cloudinit","module.server.libvirt_volume.disk_main","module.server.libvirt_volume.extra_disks"]}]},{"module":"module.server[\"nginx\"]","mode":"managed","type":"libvirt_volume","name":"disk_main","provider":"provider[\"registry.opentofu.org/dmacvicar/libvirt\"]","instances":[{"schema_version":0,"attributes":{"base_volume_id":"/var/lib/libvirt/images/debian13-base.qcow2","base_volume_name":null,"base_volume_pool":null,"format":"qcow2","id":"/var/lib/libvirt/images/nginx-linked.qcow2","name":"nginx-linked.qcow2","pool":"default","size":10737418240,"source":null,"xml":[]},"sensitive_attributes":[],"private":"bnVsbA=="}]}],"check_results":null}
